<?xml version="1.0" encoding="utf-8"?>
<Project ToolsVersion="4.0" xmlns="http://schemas.microsoft.com/developer/msbuild/2003">
  <ItemGroup>
    <Filter Include="Source Files">
      <UniqueIdentifier>{4FC737F1-C7A5-4376-A066-2A32D752A2FF}</UniqueIdentifier>
      <Extensions>cpp;c;cc;cxx;c++;cppm;ixx;def;odl;idl;hpj;bat;asm;asmx</Extensions>
    </Filter>
    <Filter Include="Header Files">
      <UniqueIdentifier>{93995380-89BD-4b04-88EB-625FBE52EBFB}</UniqueIdentifier>
      <Extensions>h;hh;hpp;hxx;h++;hm;inl;inc;ipp;xsd</Extensions>
    </Filter>
    <Filter Include="Resource Files">
      <UniqueIdentifier>{67DA6AB6-F800-4c08-8B7A-83BB121AAD01}</UniqueIdentifier>
      <Extensions>rc;ico;cur;bmp;dlg;rc2;rct;bin;rgs;gif;jpg;jpeg;jpe;resx;tiff;tif;png;wav;mfcribbon-ms</Extensions>
    </Filter>
  </ItemGroup>
  <ItemGroup>
    <ClCompile Include="src\Main.cpp">
      <Filter>Source Files</Filter>
    </ClCompile>
    <ClCompile Include="src\Coff\BofApis.cpp">
      <Filter>Source Files</Filter>
    </ClCompile>
    <ClCompile Include="src\Coff\CoffLoader.cpp">
      <Filter>Source Files</Filter>
    </ClCompile>
    <ClCompile Include="src\Coff\CoffRelocations.cpp">
      <Filter>Source Files</Filter>
    </ClCompile>
    <ClCompile Include="src\Channel\Channel.cpp">
      <Filter>Source Files</Filter>
    </ClCompile>
    <ClCompile Include="src\Command\Command.cpp">
      <Filter>Source Files</Filter>
    </ClCompile>
    <ClCompile Include="src\Command\CommandCd.cpp">
      <Filter>Source Files</Filter>
    </ClCompile>
    <ClCompile Include="src\Command\CommandChannel.cpp">
      <Filter>Source Files</Filter>
    </ClCompile>
    <ClCompile Include="src\Command\CommandCp.cpp">
      <Filter>Source Files</Filter>
    </ClCompile>
    <ClCompile Include="src\Command\CommandDownload.cpp">
      <Filter>Source Files</Filter>
    </ClCompile>
    <ClCompile Include="src\Command\CommandExecuteAssembly.cpp">
      <Filter>Source Files</Filter>
    </ClCompile>
    <ClCompile Include="src\Command\CommandExit.cpp">
      <Filter>Source Files</Filter>
    </ClCompile>
    <ClCompile Include="src\Command\CommandInjectShellcode.cpp">
      <Filter>Source Files</Filter>
    </ClCompile>
    <ClCompile Include="src\Command\CommandInlineExecute.cpp">
      <Filter>Source Files</Filter>
    </ClCompile>
    <ClCompile Include="src\Command\CommandJob.cpp">
      <Filter>Source Files</Filter>
    </ClCompile>
    <ClCompile Include="src\Command\CommandPivot.cpp">
      <Filter>Source Files</Filter>
    </ClCompile>
    <ClCompile Include="src\Command\CommandPs.cpp">
      <Filter>Source Files</Filter>
    </ClCompile>
    <ClCompile Include="src\Command\CommandRun.cpp">
      <Filter>Source Files</Filter>
    </ClCompile>
    <ClCompile Include="src\Command\CommandShell.cpp">
      <Filter>Source Files</Filter>
    </ClCompile>
    <ClCompile Include="src\Command\CommandToken.cpp">
      <Filter>Source Files</Filter>
    </ClCompile>
    <ClCompile Include="src\Command\CommandUpload.cpp">
      <Filter>Source Files</Filter>
    </ClCompile>
    <ClCompile Include="src\Implant\Implant.cpp">
      <Filter>Source Files</Filter>
    </ClCompile>
    <ClCompile Include="src\Implant\ImplantExecute.cpp">
      <Filter>Source Files</Filter>
    </ClCompile>
    <ClCompile Include="src\Implant\ImplantJob.cpp">
      <Filter>Source Files</Filter>
    </ClCompile>
    <ClCompile Include="src\Implant\ImplantTransport.cpp">
      <Filter>Source Files</Filter>
    </ClCompile>
    <ClCompile Include="src\Peer\Peer.cpp">
      <Filter>Source Files</Filter>
    </ClCompile>
    <ClCompile Include="src\Peer\Smb.cpp">
      <Filter>Source Files</Filter>
    </ClCompile>
    <ClCompile Include="src\Pivot\Smb.cpp">
      <Filter>Source Files</Filter>
    </ClCompile>
    <ClCompile Include="src\Rtlib\Base64.cpp">
      <Filter>Source Files</Filter>
    </ClCompile>
    <ClCompile Include="src\Rtlib\Fs.cpp">
      <Filter>Source Files</Filter>
    </ClCompile>
    <ClCompile Include="src\Rtlib\Pipe.cpp">
      <Filter>Source Files</Filter>
    </ClCompile>
    <ClCompile Include="src\Rtlib\String.cpp">
      <Filter>Source Files</Filter>
    </ClCompile>
  </ItemGroup>
  <ItemGroup>
    <ClInclude Include="include\Channel.h">
      <Filter>Header Files</Filter>
    </ClInclude>
    <ClInclude Include="include\Coff.h">
      <Filter>Header Files</Filter>
    </ClInclude>
    <ClInclude Include="include\Command.h">
      <Filter>Header Files</Filter>
    </ClInclude>
    <ClInclude Include="include\Debug.h">
      <Filter>Header Files</Filter>
    </ClInclude>
    <ClInclude Include="include\Implant.h">
      <Filter>Header Files</Filter>
    </ClInclude>
    <ClInclude Include="include\Ntdll.h">
      <Filter>Header Files</Filter>
    </ClInclude>
    <ClInclude Include="include\Peer.h">
      <Filter>Header Files</Filter>
    </ClInclude>
    <ClInclude Include="include\Rtlib.h">
      <Filter>Header Files</Filter>
    </ClInclude>
    <ClInclude Include="external\json\json.hpp">
      <Filter>Header Files</Filter>
    </ClInclude>
    <ClInclude Include="include\Config_simple.h">
      <Filter>Header Files</Filter>
    </ClInclude>
  </ItemGroup>
</Project>